
Microsoft Visual Studio Solution File, Format Version 12.00
# Visual Studio 15
VisualStudioVersion = 15.0.28307.757
MinimumVisualStudioVersion = 10.0.40219.1
Project("{FAE04EC0-301F-11D3-BF4B-00C04F79EFBC}") = "backendtakehome", "backendtakehome.csproj", "{AC0279D6-60FA-436F-9910-64C674DA590D}"
EndProject
Global
	GlobalSection(SolutionConfigurationPlatforms) = preSolution
		Debug|Any CPU = Debug|Any CPU
		Release|Any CPU = Release|Any CPU
	EndGlobalSection
	GlobalSection(ProjectConfigurationPlatforms) = postSolution
		{AC0279D6-60FA-436F-9910-64C674DA590D}.Debug|Any CPU.ActiveCfg = Debug|Any CPU
		{AC0279D6-60FA-436F-9910-64C674DA590D}.Debug|Any CPU.Build.0 = Debug|Any CPU
		{AC0279D6-60FA-436F-9910-64C674DA590D}.Release|Any CPU.ActiveCfg = Release|Any CPU
		{AC0279D6-60FA-436F-9910-64C674DA590D}.Release|Any CPU.Build.0 = Release|Any CPU
	EndGlobalSection
	GlobalSection(SolutionProperties) = preSolution
		HideSolutionNode = FALSE
	EndGlobalSection
	GlobalSection(ExtensibilityGlobals) = postSolution
		SolutionGuid = {76BB4247-9BCC-418E-AD9F-9EEF65B90B8A}
	EndGlobalSection
EndGlobal
